
Microsoft Visual Studio Solution File, Format Version 12.00
# Visual Studio Version 17
VisualStudioVersion = 17.4.33122.133
MinimumVisualStudioVersion = 10.0.40219.1
Project("{9A19103F-16F7-4668-BE54-9A1E7A4F7556}") = "EOL", "EOL\EOL.csproj", "{EB39C1AC-4690-4A59-92C3-BEFDA567E434}"
EndProject
Project("{9A19103F-16F7-4668-BE54-9A1E7A4F7556}") = "Controls", "Infrastructure\Controls\Controls.csproj", "{811B5912-49DF-49F1-93F0-396A2D765828}"
EndProject
Project("{9A19103F-16F7-4668-BE54-9A1E7A4F7556}") = "Services", "Infrastructure\Services\Services.csproj", "{2BA5E160-DDC1-4FA9-A4AC-E9B327215559}"
EndProject
Project("{9A19103F-16F7-4668-BE54-9A1E7A4F7556}") = "DeviceCommunicators", "DevicesInfrastructures\DeviceCommunicators\DeviceCommunicators.csproj", "{1F1A2A9A-1F26-48E3-81A8-6787867C0444}"
EndProject
Project("{9A19103F-16F7-4668-BE54-9A1E7A4F7556}") = "DeviceHandler", "DevicesInfrastructures\DeviceHandler\DeviceHandler.csproj", "{565B27EF-C1FB-4156-96A1-D5A320C7DBC3}"
EndProject
Project("{9A19103F-16F7-4668-BE54-9A1E7A4F7556}") = "Communication", "Infrastructure\Communication\Communication.csproj", "{BF55F514-E346-4B0C-910F-145FBDA1B3A8}"
EndProject
Project("{9A19103F-16F7-4668-BE54-9A1E7A4F7556}") = "Entities", "Infrastructure\Entities\Entities.csproj", "{0E215E5C-CC3C-4EAD-8F33-A651EA46DCFF}"
EndProject
Project("{9A19103F-16F7-4668-BE54-9A1E7A4F7556}") = "Converters", "Infrastructure\Converters\Converters.csproj", "{87EB77BA-2118-49B5-8439-FA85B5ACB9B1}"
EndProject
Project("{9A19103F-16F7-4668-BE54-9A1E7A4F7556}") = "ScriptHandler", "ScriptsInfrastructure\ScriptHandler\ScriptHandler.csproj", "{8A192494-734B-4B58-96EF-F1308007113E}"
EndProject
Project("{9A19103F-16F7-4668-BE54-9A1E7A4F7556}") = "DBCFileParser", "Infrastructure\DBCFileParser\DBCFileParser.csproj", "{B1783695-D4F6-4929-AD92-C12D67A11642}"
EndProject
Project("{9A19103F-16F7-4668-BE54-9A1E7A4F7556}") = "ScriptRunner", "ScriptsInfrastructure\ScriptRunner\ScriptRunner.csproj", "{202FF704-0B57-4328-84BF-C036650FE4F0}"
EndProject
Project("{9A19103F-16F7-4668-BE54-9A1E7A4F7556}") = "DeviceSimulators", "DevicesInfrastructures\DeviceSimulators\DeviceSimulators.csproj", "{2B6EBA00-E0D1-4290-9CEB-93541D576C20}"
EndProject
Global
	GlobalSection(SolutionConfigurationPlatforms) = preSolution
		Debug|Any CPU = Debug|Any CPU
		Release|Any CPU = Release|Any CPU
	EndGlobalSection
	GlobalSection(ProjectConfigurationPlatforms) = postSolution
		{EB39C1AC-4690-4A59-92C3-BEFDA567E434}.Debug|Any CPU.ActiveCfg = Debug|Any CPU
		{EB39C1AC-4690-4A59-92C3-BEFDA567E434}.Debug|Any CPU.Build.0 = Debug|Any CPU
		{EB39C1AC-4690-4A59-92C3-BEFDA567E434}.Release|Any CPU.ActiveCfg = Release|Any CPU
		{EB39C1AC-4690-4A59-92C3-BEFDA567E434}.Release|Any CPU.Build.0 = Release|Any CPU
		{811B5912-49DF-49F1-93F0-396A2D765828}.Debug|Any CPU.ActiveCfg = Debug|Any CPU
		{811B5912-49DF-49F1-93F0-396A2D765828}.Debug|Any CPU.Build.0 = Debug|Any CPU
		{811B5912-49DF-49F1-93F0-396A2D765828}.Release|Any CPU.ActiveCfg = Release|Any CPU
		{811B5912-49DF-49F1-93F0-396A2D765828}.Release|Any CPU.Build.0 = Release|Any CPU
		{2BA5E160-DDC1-4FA9-A4AC-E9B327215559}.Debug|Any CPU.ActiveCfg = Debug|Any CPU
		{2BA5E160-DDC1-4FA9-A4AC-E9B327215559}.Debug|Any CPU.Build.0 = Debug|Any CPU
		{2BA5E160-DDC1-4FA9-A4AC-E9B327215559}.Release|Any CPU.ActiveCfg = Release|Any CPU
		{2BA5E160-DDC1-4FA9-A4AC-E9B327215559}.Release|Any CPU.Build.0 = Release|Any CPU
		{1F1A2A9A-1F26-48E3-81A8-6787867C0444}.Debug|Any CPU.ActiveCfg = Debug|Any CPU
		{1F1A2A9A-1F26-48E3-81A8-6787867C0444}.Debug|Any CPU.Build.0 = Debug|Any CPU
		{1F1A2A9A-1F26-48E3-81A8-6787867C0444}.Release|Any CPU.ActiveCfg = Release|Any CPU
		{1F1A2A9A-1F26-48E3-81A8-6787867C0444}.Release|Any CPU.Build.0 = Release|Any CPU
		{565B27EF-C1FB-4156-96A1-D5A320C7DBC3}.Debug|Any CPU.ActiveCfg = Debug|Any CPU
		{565B27EF-C1FB-4156-96A1-D5A320C7DBC3}.Debug|Any CPU.Build.0 = Debug|Any CPU
		{565B27EF-C1FB-4156-96A1-D5A320C7DBC3}.Release|Any CPU.ActiveCfg = Release|Any CPU
		{565B27EF-C1FB-4156-96A1-D5A320C7DBC3}.Release|Any CPU.Build.0 = Release|Any CPU
		{BF55F514-E346-4B0C-910F-145FBDA1B3A8}.Debug|Any CPU.ActiveCfg = Debug|Any CPU
		{BF55F514-E346-4B0C-910F-145FBDA1B3A8}.Debug|Any CPU.Build.0 = Debug|Any CPU
		{BF55F514-E346-4B0C-910F-145FBDA1B3A8}.Release|Any CPU.ActiveCfg = Release|Any CPU
		{BF55F514-E346-4B0C-910F-145FBDA1B3A8}.Release|Any CPU.Build.0 = Release|Any CPU
		{0E215E5C-CC3C-4EAD-8F33-A651EA46DCFF}.Debug|Any CPU.ActiveCfg = Debug|Any CPU
		{0E215E5C-CC3C-4EAD-8F33-A651EA46DCFF}.Debug|Any CPU.Build.0 = Debug|Any CPU
		{0E215E5C-CC3C-4EAD-8F33-A651EA46DCFF}.Release|Any CPU.ActiveCfg = Release|Any CPU
		{0E215E5C-CC3C-4EAD-8F33-A651EA46DCFF}.Release|Any CPU.Build.0 = Release|Any CPU
		{87EB77BA-2118-49B5-8439-FA85B5ACB9B1}.Debug|Any CPU.ActiveCfg = Debug|Any CPU
		{87EB77BA-2118-49B5-8439-FA85B5ACB9B1}.Debug|Any CPU.Build.0 = Debug|Any CPU
		{87EB77BA-2118-49B5-8439-FA85B5ACB9B1}.Release|Any CPU.ActiveCfg = Release|Any CPU
		{87EB77BA-2118-49B5-8439-FA85B5ACB9B1}.Release|Any CPU.Build.0 = Release|Any CPU
		{8A192494-734B-4B58-96EF-F1308007113E}.Debug|Any CPU.ActiveCfg = Debug|Any CPU
		{8A192494-734B-4B58-96EF-F1308007113E}.Debug|Any CPU.Build.0 = Debug|Any CPU
		{8A192494-734B-4B58-96EF-F1308007113E}.Release|Any CPU.ActiveCfg = Release|Any CPU
		{8A192494-734B-4B58-96EF-F1308007113E}.Release|Any CPU.Build.0 = Release|Any CPU
		{B1783695-D4F6-4929-AD92-C12D67A11642}.Debug|Any CPU.ActiveCfg = Debug|Any CPU
		{B1783695-D4F6-4929-AD92-C12D67A11642}.Debug|Any CPU.Build.0 = Debug|Any CPU
		{B1783695-D4F6-4929-AD92-C12D67A11642}.Release|Any CPU.ActiveCfg = Release|Any CPU
		{B1783695-D4F6-4929-AD92-C12D67A11642}.Release|Any CPU.Build.0 = Release|Any CPU
		{202FF704-0B57-4328-84BF-C036650FE4F0}.Debug|Any CPU.ActiveCfg = Debug|Any CPU
		{202FF704-0B57-4328-84BF-C036650FE4F0}.Debug|Any CPU.Build.0 = Debug|Any CPU
		{202FF704-0B57-4328-84BF-C036650FE4F0}.Release|Any CPU.ActiveCfg = Release|Any CPU
		{202FF704-0B57-4328-84BF-C036650FE4F0}.Release|Any CPU.Build.0 = Release|Any CPU
		{2B6EBA00-E0D1-4290-9CEB-93541D576C20}.Debug|Any CPU.ActiveCfg = Debug|Any CPU
		{2B6EBA00-E0D1-4290-9CEB-93541D576C20}.Debug|Any CPU.Build.0 = Debug|Any CPU
		{2B6EBA00-E0D1-4290-9CEB-93541D576C20}.Release|Any CPU.ActiveCfg = Release|Any CPU
		{2B6EBA00-E0D1-4290-9CEB-93541D576C20}.Release|Any CPU.Build.0 = Release|Any CPU
	EndGlobalSection
	GlobalSection(SolutionProperties) = preSolution
		HideSolutionNode = FALSE
	EndGlobalSection
	GlobalSection(ExtensibilityGlobals) = postSolution
		SolutionGuid = {58571E7A-FF53-4286-81BD-970C59D3F445}
	EndGlobalSection
EndGlobal
